
Microsoft Visual Studio Solution File, Format Version 12.00
# Visual Studio Version 16
VisualStudioVersion = 16.0.30717.126
MinimumVisualStudioVersion = 10.0.40219.1
Project("{9A19103F-16F7-4668-BE54-9A1E7A4F7556}") = "WindowsCalculator", "WindowsCalculator\WindowsCalculator.csproj", "{90672B0A-1026-4ECB-8318-DDEC4581893F}"
EndProject
Project("{FAE04EC0-301F-11D3-BF4B-00C04F79EFBC}") = "CalculatorTestProject", "CalculatorTestProject\CalculatorTestProject.csproj", "{7D626594-3D95-4E8E-AC42-0B7D38555120}"
EndProject
Global
	GlobalSection(SolutionConfigurationPlatforms) = preSolution
		Debug|Any CPU = Debug|Any CPU
		Release|Any CPU = Release|Any CPU
	EndGlobalSection
	GlobalSection(ProjectConfigurationPlatforms) = postSolution
		{90672B0A-1026-4ECB-8318-DDEC4581893F}.Debug|Any CPU.ActiveCfg = Debug|Any CPU
		{90672B0A-1026-4ECB-8318-DDEC4581893F}.Debug|Any CPU.Build.0 = Debug|Any CPU
		{90672B0A-1026-4ECB-8318-DDEC4581893F}.Release|Any CPU.ActiveCfg = Release|Any CPU
		{90672B0A-1026-4ECB-8318-DDEC4581893F}.Release|Any CPU.Build.0 = Release|Any CPU
		{7D626594-3D95-4E8E-AC42-0B7D38555120}.Debug|Any CPU.ActiveCfg = Debug|Any CPU
		{7D626594-3D95-4E8E-AC42-0B7D38555120}.Debug|Any CPU.Build.0 = Debug|Any CPU
		{7D626594-3D95-4E8E-AC42-0B7D38555120}.Release|Any CPU.ActiveCfg = Release|Any CPU
		{7D626594-3D95-4E8E-AC42-0B7D38555120}.Release|Any CPU.Build.0 = Release|Any CPU
	EndGlobalSection
	GlobalSection(SolutionProperties) = preSolution
		HideSolutionNode = FALSE
	EndGlobalSection
	GlobalSection(ExtensibilityGlobals) = postSolution
		SolutionGuid = {24BDCD8A-FC82-4A7A-8EFE-E6885F7C57D0}
	EndGlobalSection
EndGlobal
